<?xml version="1.0" encoding="UTF-8" standalone="yes" ?>
<CodeBlocks_project_file>
	<FileVersion major="1" minor="6" />
	<Project>
		<Option title="Hubert Editor" />
		<Option pch_mode="2" />
		<Option compiler="gcc" />
		<Option extended_obj_names="1" />
		<Build>
			<Target title="Release-Windows-x86">
				<Option platforms="Windows;" />
				<Option output="Hubert-Editor-Windows-x86.exe" prefix_auto="1" extension_auto="0" />
				<Option object_output=".objs/windows-x86" />
				<Option type="0" />
				<Option compiler="gcc" />
				<Compiler>
					<Add option="-fexpensive-optimizations" />
					<Add option="-O2" />
					<Add option="-w" />
					<Add option="-DGAME_OS_WINDOWS" />
					<Add directory="C:/Development/c++/MinGW/include" />
					<Add directory="C:/Development/c++/SDL/include/SDL" />
					<Add directory="C:/Development/c++/SDL/SDL_image/include" />
					<Add directory="C:/Development/c++/SDL/SDL_mixer/include" />
					<Add directory="C:/Development/c++/glew/include/GL" />
					<Add directory="C:/Development/c++/boost" />
					<Add directory="C:/Development/c++/zlib/include" />
					<Add directory="C:/Development/c++/libpng/include" />
				</Compiler>
				<Linker>
					<Add option="-s" />
					<Add option="-lmingw32" />
					<Add option="-mwindows" />
					<Add option="-Wl,--stack=67108864" />
					<Add library="C:/Development/c++/SDL/lib/libSDLmain.a" />
					<Add library="C:/Development/c++/SDL/lib/libSDL.dll.a" />
					<Add library="C:/Development/c++/glew/lib/glew32s.lib" />
					<Add library="C:/Development/c++/MinGW/lib/libopengl32.a" />
					<Add library="C:/Development/c++/MinGW/lib/libglu32.a" />
					<Add library="C:/Development/c++/SDL/SDL_image/lib/SDL_image.lib" />
					<Add library="C:/Development/c++/SDL/SDL_mixer/lib/SDL_mixer.lib" />
					<Add library="C:/Development/c++/boost/stage/lib/libboost_system-mt.a" />
					<Add library="C:/Development/c++/boost/stage/lib/libboost_filesystem-mt.a" />
					<Add library="C:/Development/c++/libpng/lib/libpng.a" />
				</Linker>
			</Target>
			<Target title="Release-Linux-x86_64">
				<Option platforms="Unix;" />
				<Option output="Hubert-Editor-Linux-x86_64" prefix_auto="1" extension_auto="0" />
				<Option working_dir="" />
				<Option object_output=".objs/linux-x86_64" />
				<Option type="5" />
				<Option compiler="gcc" />
				<Compiler>
					<Add option="-fexpensive-optimizations" />
					<Add option="-O2" />
					<Add option="-w" />
					<Add option="-DGAME_OS_LINUX" />
					<Add directory="/usr/include/" />
					<Add directory="/usr/include/x86_64-linux-gnu/" />
					<Add directory="/home/kevin/.codeblocks/SDL/include/" />
					<Add directory="/home/kevin/.codeblocks/glew/include/GL/" />
					<Add directory="/home/kevin/.codeblocks/SDL_image/" />
					<Add directory="/home/kevin/.codeblocks/SDL_mixer/" />
					<Add directory="/home/kevin/.codeblocks/boost/" />
					<Add directory="/home/kevin/.codeblocks/libpng/" />
					<Add directory="/home/kevin/.codeblocks/zlib/" />
				</Compiler>
				<Linker>
					<Add option="-s" />
					<Add library="/home/kevin/.codeblocks/SDL_image/.libs/libSDL_image.a" />
					<Add library="/home/kevin/.codeblocks/libpng/.libs/libpng.a" />
					<Add library="/home/kevin/.codeblocks/zlib/libz.a" />
					<Add library="/home/kevin/.codeblocks/SDL_mixer/build/.libs/libSDL_mixer.a" />
					<Add library="/home/kevin/.codeblocks/libvorbis/lib/.libs/libvorbisfile.a" />
					<Add library="/home/kevin/.codeblocks/libvorbis/lib/.libs/libvorbis.a" />
					<Add library="/home/kevin/.codeblocks/libogg/src/.libs/libogg.a" />
					<Add library="/home/kevin/.codeblocks/SDL/build/.libs/libSDLmain.a" />
					<Add library="/home/kevin/.codeblocks/SDL/build/.libs/libSDL.a" />
					<Add library="/home/kevin/.codeblocks/glew/lib/libGLEW.a" />
					<Add library="/usr/lib/libGL.so" />
					<Add library="/usr/lib/libGLU.so" />
					<Add library="/home/kevin/.codeblocks/boost/stage/lib/libboost_system.a" />
					<Add library="/home/kevin/.codeblocks/boost/stage/lib/libboost_filesystem.a" />
				</Linker>
			</Target>
			<Target title="Release-Linux-x86">
				<Option platforms="Unix;" />
				<Option output="Hubert-Editor-Linux-x86" prefix_auto="1" extension_auto="0" />
				<Option working_dir="" />
				<Option object_output=".objs/linux-x86" />
				<Option type="5" />
				<Option compiler="gcc" />
				<Compiler>
					<Add option="-fexpensive-optimizations" />
					<Add option="-O2" />
					<Add option="-w" />
					<Add option="-DGAME_OS_LINUX" />
					<Add directory="/usr/include/" />
					<Add directory="/home/kevin/.codeblocks/SDL/include/" />
					<Add directory="/home/kevin/.codeblocks/glew/include/GL/" />
					<Add directory="/home/kevin/.codeblocks/SDL_image/" />
					<Add directory="/home/kevin/.codeblocks/SDL_mixer/" />
					<Add directory="/home/kevin/.codeblocks/boost/" />
					<Add directory="/home/kevin/.codeblocks/libpng/" />
					<Add directory="/home/kevin/.codeblocks/zlib/" />
				</Compiler>
				<Linker>
					<Add option="-s" />
					<Add library="/home/kevin/.codeblocks/SDL_image/.libs/libSDL_image.a" />
					<Add library="/home/kevin/.codeblocks/libpng/.libs/libpng.a" />
					<Add library="/home/kevin/.codeblocks/zlib/libz.a" />
					<Add library="/home/kevin/.codeblocks/SDL_mixer/build/.libs/libSDL_mixer.a" />
					<Add library="/home/kevin/.codeblocks/libvorbis/lib/.libs/libvorbisfile.a" />
					<Add library="/home/kevin/.codeblocks/libvorbis/lib/.libs/libvorbis.a" />
					<Add library="/home/kevin/.codeblocks/libogg/src/.libs/libogg.a" />
					<Add library="/home/kevin/.codeblocks/SDL/build/.libs/libSDLmain.a" />
					<Add library="/home/kevin/.codeblocks/SDL/build/.libs/libSDL.a" />
					<Add library="/home/kevin/.codeblocks/glew/lib/libGLEW.a" />
					<Add library="/usr/lib/libGL.so" />
					<Add library="/usr/lib/libGLU.so" />
					<Add library="/home/kevin/.codeblocks/boost/stage/lib/libboost_system.a" />
					<Add library="/home/kevin/.codeblocks/boost/stage/lib/libboost_filesystem.a" />
				</Linker>
			</Target>
			<Target title="Release-OSX-x86_64">
				<Option platforms="Mac;" />
				<Option output="Hubert-Editor-OSX-x86_64" prefix_auto="1" extension_auto="0" />
				<Option working_dir="" />
				<Option object_output=".objs/osx-x86_64" />
				<Option type="5" />
				<Option compiler="gcc" />
				<Compiler>
					<Add option="-fexpensive-optimizations" />
					<Add option="-O2" />
					<Add option="-w" />
					<Add option="-DGAME_OS_OSX" />
					<Add directory="/usr/include/" />
					<Add directory="/home/kevin/.codeblocks/boost/" />
					<Add directory="/home/kevin/.codeblocks/glew/include/GL/" />
					<Add directory="/home/kevin/.codeblocks/SDL/include/" />
					<Add directory="/home/kevin/.codeblocks/SDL_image/" />
					<Add directory="/home/kevin/.codeblocks/SDL_mixer/" />
					<Add directory="/home/kevin/.codeblocks/zlib/" />
					<Add directory="/home/kevin/.codeblocks/libpng/" />
				</Compiler>
				<Linker>
					<Add option="-s" />
					<Add option="-arch x86_64" />
					<Add option="-mmacosx-version-min=10.6" />
					<Add option="-framework CoreFoundation" />
					<Add option="-framework ApplicationServices" />
					<Add option="-framework IOKit" />
					<Add option="-framework AppKit" />
					<Add option="-framework Carbon" />
					<Add option="-framework AudioUnit" />
					<Add option="-framework AudioToolbox" />
					<Add option="-framework OpenGL" />
					<Add library="/home/kevin/.codeblocks/SDL_mixer/build/.libs/libSDL_mixer.a" />
					<Add library="/home/kevin/.codeblocks/libvorbis/lib/.libs/libvorbis.a" />
					<Add library="/home/kevin/.codeblocks/libvorbis/lib/.libs/libvorbisfile.a" />
					<Add library="/home/kevin/.codeblocks/libogg/src/.libs/libogg.a" />
					<Add library="/home/kevin/.codeblocks/SDL_image/.libs/libSDL_image.a" />
					<Add library="/home/kevin/.codeblocks/libpng/.libs/libpng.a" />
					<Add library="/home/kevin/.codeblocks/zlib/libz.a" />
					<Add library="/home/kevin/.codeblocks/SDL/build/.libs/libSDL.a" />
					<Add library="/home/kevin/.codeblocks/SDL/build/.libs/libSDLmain.a" />
					<Add library="/home/kevin/.codeblocks/glew/lib/libGLEW.a" />
					<Add library="/home/kevin/.codeblocks/boost/stage/lib/libboost_filesystem.a" />
					<Add library="/home/kevin/.codeblocks/boost/stage/lib/libboost_system.a" />
				</Linker>
			</Target>
		</Build>
		<Compiler>
			<Add option="-Wall" />
		</Compiler>
		<Unit filename="MersenneTwister.h" />
		<Unit filename="background_layer.cpp" />
		<Unit filename="background_layer.h" />
		<Unit filename="booster.cpp" />
		<Unit filename="booster.h" />
		<Unit filename="brush.cpp" />
		<Unit filename="brush.h" />
		<Unit filename="brush_create_stuff.cpp" />
		<Unit filename="collision.cpp" />
		<Unit filename="collision.h" />
		<Unit filename="door.cpp" />
		<Unit filename="door.h" />
		<Unit filename="enumerations.h" />
		<Unit filename="font.cpp" />
		<Unit filename="font.h" />
		<Unit filename="height_masks.cpp" />
		<Unit filename="height_masks.h" />
		<Unit filename="item.cpp" />
		<Unit filename="item.h" />
		<Unit filename="item_dimensions.h" />
		<Unit filename="level.cpp" />
		<Unit filename="level.h" />
		<Unit filename="main.cpp" />
		<Unit filename="main.h" />
		<Unit filename="moving_platform.cpp" />
		<Unit filename="moving_platform.h" />
		<Unit filename="moving_platform_waypoint.h" />
		<Unit filename="npc.cpp" />
		<Unit filename="npc.h" />
		<Unit filename="npc_dimensions.h" />
		<Unit filename="pixels.cpp" />
		<Unit filename="pixels.h" />
		<Unit filename="quit.cpp" />
		<Unit filename="quit.h" />
		<Unit filename="random_number_generator.cpp" />
		<Unit filename="random_number_generator.h" />
		<Unit filename="render.cpp" />
		<Unit filename="render.h" />
		<Unit filename="sign.cpp" />
		<Unit filename="sign.h" />
		<Unit filename="spring.cpp" />
		<Unit filename="spring.h" />
		<Unit filename="sprite_selection_dialog.cpp" />
		<Unit filename="sprite_selection_dialog.h" />
		<Unit filename="tile.cpp" />
		<Unit filename="tile.h" />
		<Unit filename="tile_background.cpp" />
		<Unit filename="tile_background.h" />
		<Unit filename="tile_sprites.h" />
		<Unit filename="timer.cpp" />
		<Unit filename="timer.h" />
		<Unit filename="trap.cpp" />
		<Unit filename="trap.h" />
		<Unit filename="trap_dimensions.h" />
		<Unit filename="trigger.cpp" />
		<Unit filename="trigger.h" />
		<Unit filename="update.cpp" />
		<Unit filename="update.h" />
		<Unit filename="version.h" />
		<Unit filename="window.cpp" />
		<Unit filename="window.h" />
		<Unit filename="world.cpp" />
		<Unit filename="world.h" />
		<Extensions>
			<code_completion />
			<envvars />
			<debugger />
			<lib_finder disable_auto="1" />
			<AutoVersioning>
				<Scheme minor_max="10" build_max="0" rev_max="0" rev_rand_max="10" build_times_to_increment_minor="100" />
				<Settings autoincrement="1" date_declarations="1" update_manifest="1" do_auto_increment="0" ask_to_increment="0" language="C++" svn="0" svn_directory="" header_path="version.h" />
				<Changes_Log show_changes_editor="0" app_title="released version %M.%m.%b of %p" changeslog_path="ChangesLog.txt" />
				<Code header_guard="VERSION_H" namespace="AutoVersion" prefix="" />
			</AutoVersioning>
		</Extensions>
	</Project>
</CodeBlocks_project_file>
